{
  "lockfileVersion": 1,
  "configVersion": 1,
  "workspaces": {
    "": {
  "name": "dataspec-core",
      "dependencies": {
        "yaml": "^2.3.4",
      },
      "devDependencies": {
        "@types/bun": "latest",
        "typescript": "^5.3.0",
        "typescript-json-schema": "^0.67.1",
      },
    },
  },
  "packages": {
    "@cspotcode/source-map-support": ["@cspotcode/source-map-support@0.8.1", "", { "dependencies": { "@jridgewell/trace-mapping": "0.3.9" } }, "sha512-IchNf6dN4tHoMFIn/7OE8LWZ19Y6q/67Bmf6vnGREv8RSbBVb9LPJxEcnwrcwX6ixSvaiGoomAUvu4YSxXrVgw=="],

    "@jridgewell/resolve-uri": ["@jridgewell/resolve-uri@3.1.2", "", {}, "sha512-bRISgCIjP20/tbWSPWMEi54QVPRZExkuD9lJL+UIxUKtwVJA8wW1Trb1jMs1RFXo1CBTNZ/5hpC9QvmKWdopKw=="],

    "@jridgewell/sourcemap-codec": ["@jridgewell/sourcemap-codec@1.5.5", "", {}, "sha512-cYQ9310grqxueWbl+WuIUIaiUaDcj7WOq5fVhEljNVgRfOUhY9fy2zTvfoqWsnebh8Sl70VScFbICvJnLKB0Og=="],

    "@jridgewell/trace-mapping": ["@jridgewell/trace-mapping@0.3.9", "", { "dependencies": { "@jridgewell/resolve-uri": "^3.0.3", "@jridgewell/sourcemap-codec": "^1.4.10" } }, "sha512-3Belt6tdc8bPgAtbcmdtNJlirVoTmEb5e2gC94PnkwEW9jI6CAHUeoG85tjWP5WquqfavoMtMwiG4P926ZKKuQ=="],

    "@tsconfig/node10": ["@tsconfig/node10@1.0.12", "", {}, "sha512-UCYBaeFvM11aU2y3YPZ//O5Rhj+xKyzy7mvcIoAjASbigy8mHMryP5cK7dgjlz2hWxh1g5pLw084E0a/wlUSFQ=="],

    "@tsconfig/node12": ["@tsconfig/node12@1.0.11", "", {}, "sha512-cqefuRsh12pWyGsIoBKJA9luFu3mRxCA+ORZvA4ktLSzIuCUtWVxGIuXigEwO5/ywWFMZ2QEGKWvkZG1zDMTag=="],

    "@tsconfig/node14": ["@tsconfig/node14@1.0.3", "", {}, "sha512-ysT8mhdixWK6Hw3i1V2AeRqZ5WfXg1G43mqoYlM2nc6388Fq5jcXyr5mRsqViLx/GJYdoL0bfXD8nmF+Zn/Iow=="],

    "@tsconfig/node16": ["@tsconfig/node16@1.0.4", "", {}, "sha512-vxhUy4J8lyeyinH7Azl1pdd43GJhZH/tP2weN8TntQblOY+A0XbT8DJk1/oCPuOOyg/Ja757rG0CgHcWC8OfMA=="],

    "@types/bun": ["@types/bun@1.3.10", "", { "dependencies": { "bun-types": "1.3.10" } }, "sha512-0+rlrUrOrTSskibryHbvQkDOWRJwJZqZlxrUs1u4oOoTln8+WIXBPmAuCF35SWB2z4Zl3E84Nl/D0P7803nigQ=="],

    "@types/json-schema": ["@types/json-schema@7.0.15", "", {}, "sha512-5+fP8P8MFNC+AyZCDxrB2pkZFPGzqQWUzpSeuuVLvm8VMcorNYavBqoFcxK8bQz4Qsbn4oUEEem4wDLfcysGHA=="],

    "@types/node": ["@types/node@18.19.130", "", { "dependencies": { "undici-types": "~5.26.4" } }, "sha512-GRaXQx6jGfL8sKfaIDD6OupbIHBr9jv7Jnaml9tB7l4v068PAOXqfcujMMo5PhbIs6ggR1XODELqahT2R8v0fg=="],

    "acorn": ["acorn@8.16.0", "", { "bin": { "acorn": "bin/acorn" } }, "sha512-UVJyE9MttOsBQIDKw1skb9nAwQuR5wuGD3+82K6JgJlm/Y+KI92oNsMNGZCYdDsVtRHSak0pcV5Dno5+4jh9sw=="],

    "acorn-walk": ["acorn-walk@8.3.5", "", { "dependencies": { "acorn": "^8.11.0" } }, "sha512-HEHNfbars9v4pgpW6SO1KSPkfoS0xVOM/9UzkJltjlsHZmJasxg8aXkuZa7SMf8vKGIBhpUsPluQSqhJFCqebw=="],

    "ansi-regex": ["ansi-regex@5.0.1", "", {}, "sha512-quJQXlTSUGL2LH9SUXo8VwsY4soanhgo6LNSm84E1LBcE8s3O0wpdiRzyR9z/ZZJMlMWv37qOOb9pdJlMUEKFQ=="],

    "ansi-styles": ["ansi-styles@4.3.0", "", { "dependencies": { "color-convert": "^2.0.1" } }, "sha512-zbB9rCJAT1rbjiVDb2hqKFHNYLxgtk8NURxZ3IZwD3F6NtxbXZQCnnSi1Lkx+IDohdPlFp222wVALIheZJQSEg=="],

    "arg": ["arg@4.1.3", "", {}, "sha512-58S9QDqG0Xx27YwPSt9fJxivjYl432YCwfDMfZ+71RAqUrZef7LrKQZ3LHLOwCS4FLNBplP533Zx895SeOCHvA=="],

    "balanced-match": ["balanced-match@1.0.2", "", {}, "sha512-3oSeUO0TMV67hN1AmbXsK4yaqU7tjiHlbxRDZOpH0KW9+CeX4bRAaX0Anxt0tx2MrpRpWwQaPwIlISEJhYU5Pw=="],

    "brace-expansion": ["brace-expansion@1.1.12", "", { "dependencies": { "balanced-match": "^1.0.0", "concat-map": "0.0.1" } }, "sha512-9T9UjW3r0UW5c1Q7GTwllptXwhvYmEzFhzMfZ9H7FQWt+uZePjZPjBP/W1ZEyZ1twGWom5/56TF4lPcqjnDHcg=="],

    "bun-types": ["bun-types@1.3.10", "", { "dependencies": { "@types/node": "*" } }, "sha512-tcpfCCl6XWo6nCVnpcVrxQ+9AYN1iqMIzgrSKYMB/fjLtV2eyAVEg7AxQJuCq/26R6HpKWykQXuSOq/21RYcbg=="],

    "cliui": ["cliui@8.0.1", "", { "dependencies": { "string-width": "^4.2.0", "strip-ansi": "^6.0.1", "wrap-ansi": "^7.0.0" } }, "sha512-BSeNnyus75C4//NQ9gQt1/csTXyo/8Sb+afLAkzAptFuMsod9HFokGNudZpi/oQV73hnVK+sR+5PVRMd+Dr7YQ=="],

    "color-convert": ["color-convert@2.0.1", "", { "dependencies": { "color-name": "~1.1.4" } }, "sha512-RRECPsj7iu/xb5oKYcsFHSppFNnsj/52OVTRKb4zP5onXwVF3zVmmToNcOfGC+CRDpfK/U584fMg38ZHCaElKQ=="],

    "color-name": ["color-name@1.1.4", "", {}, "sha512-dOy+3AuW3a2wNbZHIuMZpTcgjGuLU/uBL/ubcZF9OXbDo8ff4O8yVp5Bf0efS8uEoYo5q4Fx7dY9OgQGXgAsQA=="],

    "concat-map": ["concat-map@0.0.1", "", {}, "sha512-/Srv4dswyQNBfohGpz9o6Yb3Gz3SrUDqBH5rTuhGR7ahtlbYKnVxw2bCFMRljaA7EXHaXZ8wsHdodFvbkhKmqg=="],

    "create-require": ["create-require@1.1.1", "", {}, "sha512-dcKFX3jn0MpIaXjisoRvexIJVEKzaq7z2rZKxf+MSr9TkdmHmsU4m2lcLojrj/FHl8mk5VxMmYA+ftRkP/3oKQ=="],

    "diff": ["diff@4.0.4", "", {}, "sha512-X07nttJQkwkfKfvTPG/KSnE2OMdcUCao6+eXF3wmnIQRn2aPAHH3VxDbDOdegkd6JbPsXqShpvEOHfAT+nCNwQ=="],

    "emoji-regex": ["emoji-regex@8.0.0", "", {}, "sha512-MSjYzcWNOA0ewAHpz0MxpYFvwg6yjy1NG3xteoqz644VCo/RPgnr1/GGt+ic3iJTzQ8Eu3TdM14SawnVUmGE6A=="],

    "escalade": ["escalade@3.2.0", "", {}, "sha512-WUj2qlxaQtO4g6Pq5c29GTcWGDyd8itL8zTlipgECz3JesAiiOKotd8JU6otB3PACgG6xkJUyVhboMS+bje/jA=="],

    "fs.realpath": ["fs.realpath@1.0.0", "", {}, "sha512-OO0pH2lK6a0hZnAdau5ItzHPI6pUlvI7jMVnxUQRtw4owF2wk8lOSabtGDCTP4Ggrg2MbGnWO9X8K1t4+fGMDw=="],

    "get-caller-file": ["get-caller-file@2.0.5", "", {}, "sha512-DyFP3BM/3YHTQOCUL/w0OZHR0lpKeGrxotcHWcqNEdnltqFwXVfhEBQ94eIo34AfQpo0rGki4cyIiftY06h2Fg=="],

    "glob": ["glob@7.2.3", "", { "dependencies": { "fs.realpath": "^1.0.0", "inflight": "^1.0.4", "inherits": "2", "minimatch": "^3.1.1", "once": "^1.3.0", "path-is-absolute": "^1.0.0" } }, "sha512-nFR0zLpU2YCaRxwoCJvL6UvCH2JFyFVIvwTLsIf21AuHlMskA1hhTdk+LlYJtOlYt9v6dvszD2BGRqBL+iQK9Q=="],

    "inflight": ["inflight@1.0.6", "", { "dependencies": { "once": "^1.3.0", "wrappy": "1" } }, "sha512-k92I/b08q4wvFscXCLvqfsHCrjrF7yiXsQuIVvVE7N82W3+aqpzuUdBbfhWcy/FZR3/4IgflMgKLOsvPDrGCJA=="],

    "inherits": ["inherits@2.0.4", "", {}, "sha512-k/vGaX4/Yla3WzyMCvTQOXYeIHvqOKtnqBduzTHpzpQZzAskKMhZ2K+EnBiSM9zGSoIFeMpXKxa4dYeZIQqewQ=="],

    "is-fullwidth-code-point": ["is-fullwidth-code-point@3.0.0", "", {}, "sha512-zymm5+u+sCsSWyD9qNaejV3DFvhCKclKdizYaJUuHA83RLjb7nSuGnddCHGv0hk+KY7BMAlsWeK4Ueg6EV6XQg=="],

    "make-error": ["make-error@1.3.6", "", {}, "sha512-s8UhlNe7vPKomQhC1qFelMokr/Sc3AgNbso3n74mVPA5LTZwkB9NlXf4XPamLxJE8h0gh73rM94xvwRT2CVInw=="],

    "minimatch": ["minimatch@3.1.5", "", { "dependencies": { "brace-expansion": "^1.1.7" } }, "sha512-VgjWUsnnT6n+NUk6eZq77zeFdpW2LWDzP6zFGrCbHXiYNul5Dzqk2HHQ5uFH2DNW5Xbp8+jVzaeNt94ssEEl4w=="],

    "once": ["once@1.4.0", "", { "dependencies": { "wrappy": "1" } }, "sha512-lNaJgI+2Q5URQBkccEKHTQOPaXdUxnZZElQTZY0MFUAuaEqe1E+Nyvgdz/aIyNi6Z9MzO5dv1H8n58/GELp3+w=="],

    "path-equal": ["path-equal@1.2.5", "", {}, "sha512-i73IctDr3F2W+bsOWDyyVm/lqsXO47aY9nsFZUjTT/aljSbkxHxxCoyZ9UUrM8jK0JVod+An+rl48RCsvWM+9g=="],

    "path-is-absolute": ["path-is-absolute@1.0.1", "", {}, "sha512-AVbw3UJ2e9bq64vSaS9Am0fje1Pa8pbGqTTsmXfaIiMpnr5DlDhfJOuLj9Sf95ZPVDAUerDfEk88MPmPe7UCQg=="],

    "require-directory": ["require-directory@2.1.1", "", {}, "sha512-fGxEI7+wsG9xrvdjsrlmL22OMTTiHRwAMroiEeMgq8gzoLC/PQr7RsRDSTLUg/bZAZtF+TVIkHc6/4RIKrui+Q=="],

    "safe-stable-stringify": ["safe-stable-stringify@2.5.0", "", {}, "sha512-b3rppTKm9T+PsVCBEOUR46GWI7fdOs00VKZ1+9c1EWDaDMvjQc6tUwuFyIprgGgTcWoVHSKrU8H31ZHA2e0RHA=="],

    "string-width": ["string-width@4.2.3", "", { "dependencies": { "emoji-regex": "^8.0.0", "is-fullwidth-code-point": "^3.0.0", "strip-ansi": "^6.0.1" } }, "sha512-wKyQRQpjJ0sIp62ErSZdGsjMJWsap5oRNihHhu6G7JVO/9jIB6UyevL+tXuOqrng8j/cxKTWyWUwvSTriiZz/g=="],

    "strip-ansi": ["strip-ansi@6.0.1", "", { "dependencies": { "ansi-regex": "^5.0.1" } }, "sha512-Y38VPSHcqkFrCpFnQ9vuSXmquuv5oXOKpGeT6aGrr3o3Gc9AlVa6JBfUSOCnbxGGZF+/0ooI7KrPuUSztUdU5A=="],

    "ts-node": ["ts-node@10.9.2", "", { "dependencies": { "@cspotcode/source-map-support": "^0.8.0", "@tsconfig/node10": "^1.0.7", "@tsconfig/node12": "^1.0.7", "@tsconfig/node14": "^1.0.0", "@tsconfig/node16": "^1.0.2", "acorn": "^8.4.1", "acorn-walk": "^8.1.1", "arg": "^4.1.0", "create-require": "^1.1.0", "diff": "^4.0.1", "make-error": "^1.1.1", "v8-compile-cache-lib": "^3.0.1", "yn": "3.1.1" }, "peerDependencies": { "@swc/core": ">=1.2.50", "@swc/wasm": ">=1.2.50", "@types/node": "*", "typescript": ">=2.7" }, "optionalPeers": ["@swc/core", "@swc/wasm"], "bin": { "ts-node": "dist/bin.js", "ts-script": "dist/bin-script-deprecated.js", "ts-node-cwd": "dist/bin-cwd.js", "ts-node-esm": "dist/bin-esm.js", "ts-node-script": "dist/bin-script.js", "ts-node-transpile-only": "dist/bin-transpile.js" } }, "sha512-f0FFpIdcHgn8zcPSbf1dRevwt047YMnaiJM3u2w2RewrB+fob/zePZcrOyQoLMMO7aBIddLcQIEK5dYjkLnGrQ=="],

    "typescript": ["typescript@5.9.3", "", { "bin": { "tsc": "bin/tsc", "tsserver": "bin/tsserver" } }, "sha512-jl1vZzPDinLr9eUt3J/t7V6FgNEw9QjvBPdysz9KfQDD41fQrC2Y4vKQdiaUpFT4bXlb1RHhLpp8wtm6M5TgSw=="],

    "typescript-json-schema": ["typescript-json-schema@0.67.1", "", { "dependencies": { "@types/json-schema": "^7.0.9", "@types/node": "^18.11.9", "glob": "^7.1.7", "path-equal": "^1.2.5", "safe-stable-stringify": "^2.2.0", "ts-node": "^10.9.1", "typescript": "~5.5.0", "vm2": "^3.10.0", "yargs": "^17.1.1" }, "bin": { "typescript-json-schema": "bin/typescript-json-schema" } }, "sha512-vKTZB/RoYTIBdVP7E7vrgHMCssBuhja91wQy498QIVhvfRimaOgjc98uwAXmZ7mbLUytJmOSbF11wPz+ByQeXg=="],

    "undici-types": ["undici-types@5.26.5", "", {}, "sha512-JlCMO+ehdEIKqlFxk6IfVoAUVmgz7cU7zD/h9XZ0qzeosSHmUJVOzSQvvYSYWXkFXC+IfLKSIffhv0sVZup6pA=="],

    "v8-compile-cache-lib": ["v8-compile-cache-lib@3.0.1", "", {}, "sha512-wa7YjyUGfNZngI/vtK0UHAN+lgDCxBPCylVXGp0zu59Fz5aiGtNXaq3DhIov063MorB+VfufLh3JlF2KdTK3xg=="],

    "vm2": ["vm2@3.10.5", "", { "dependencies": { "acorn": "^8.15.0", "acorn-walk": "^8.3.4" }, "bin": { "vm2": "bin/vm2" } }, "sha512-3P/2QDccVFBcujfCOeP8vVNuGfuBJHEuvGR8eMmI10p/iwLL2UwF5PDaNaoOS2pRGQEDmJRyeEcc8kmm2Z59RA=="],

    "wrap-ansi": ["wrap-ansi@7.0.0", "", { "dependencies": { "ansi-styles": "^4.0.0", "string-width": "^4.1.0", "strip-ansi": "^6.0.0" } }, "sha512-YVGIj2kamLSTxw6NsZjoBxfSwsn0ycdesmc4p+Q21c5zPuZ1pl+NfxVdxPtdHvmNVOQ6XSYG4AUtyt/Fi7D16Q=="],

    "wrappy": ["wrappy@1.0.2", "", {}, "sha512-l4Sp/DRseor9wL6EvV2+TuQn63dMkPjZ/sp9XkghTEbV9KlPS1xUsZ3u7/IQO4wxtcFB4bgpQPRcR3QCvezPcQ=="],

    "y18n": ["y18n@5.0.8", "", {}, "sha512-0pfFzegeDWJHJIAmTLRP2DwHjdF5s7jo9tuztdQxAhINCdvS+3nGINqPd00AphqJR/0LhANUS6/+7SCb98YOfA=="],

    "yaml": ["yaml@2.8.2", "", { "bin": { "yaml": "bin.mjs" } }, "sha512-mplynKqc1C2hTVYxd0PU2xQAc22TI1vShAYGksCCfxbn/dFwnHTNi1bvYsBTkhdUNtGIf5xNOg938rrSSYvS9A=="],

    "yargs": ["yargs@17.7.2", "", { "dependencies": { "cliui": "^8.0.1", "escalade": "^3.1.1", "get-caller-file": "^2.0.5", "require-directory": "^2.1.1", "string-width": "^4.2.3", "y18n": "^5.0.5", "yargs-parser": "^21.1.1" } }, "sha512-7dSzzRQ++CKnNI/krKnYRV7JKKPUXMEh61soaHKg9mrWEhzFWhFnxPxGl+69cD1Ou63C13NUPCnmIcrvqCuM6w=="],

    "yargs-parser": ["yargs-parser@21.1.1", "", {}, "sha512-tVpsJW7DdjecAiFpbIB1e3qxIQsE6NoPc5/eTdrbbIC4h0LVsWhnoa3g+m2HclBIujHzsxZ4VJVA+GUuc2/LBw=="],

    "yn": ["yn@3.1.1", "", {}, "sha512-Ux4ygGWsu2c7isFWe8Yu1YluJmqVhxqK2cLXNQA5AcC3QfbGNpM7fu0Y8b/z16pXLnFxZYvWhd3fhBY9DLmC6Q=="],

    "bun-types/@types/node": ["@types/node@25.5.0", "", { "dependencies": { "undici-types": "~7.18.0" } }, "sha512-jp2P3tQMSxWugkCUKLRPVUpGaL5MVFwF8RDuSRztfwgN1wmqJeMSbKlnEtQqU8UrhTmzEmZdu2I6v2dpp7XIxw=="],

    "typescript-json-schema/typescript": ["typescript@5.5.4", "", { "bin": { "tsc": "bin/tsc", "tsserver": "bin/tsserver" } }, "sha512-Mtq29sKDAEYP7aljRgtPOpTvOfbwRWlS6dPRzwjdE+C0R4brX/GUyhHSecbHMFLNBLcJIPt9nl9yG5TZ1weH+Q=="],

    "bun-types/@types/node/undici-types": ["undici-types@7.18.2", "", {}, "sha512-AsuCzffGHJybSaRrmr5eHr81mwJU3kjw6M+uprWvCXiNeN9SOGwQ3Jn8jb8m3Z6izVgknn1R0FTCEAP2QrLY/w=="],
  }
}
